
Microsoft Visual Studio Solution File, Format Version 12.00
# Visual Studio 15
VisualStudioVersion = 15.0.28307.489
MinimumVisualStudioVersion = 10.0.40219.1
Project("{888888A0-9F3D-457C-B088-3A5042F75D52}") = "PythonApplication42", "PythonApplication42\PythonApplication42.pyproj", "{8471302E-2D36-4928-8BC7-2DBC9C98C11B}"
EndProject
Global
	GlobalSection(SolutionConfigurationPlatforms) = preSolution
		Debug|Any CPU = Debug|Any CPU
		Release|Any CPU = Release|Any CPU
	EndGlobalSection
	GlobalSection(ProjectConfigurationPlatforms) = postSolution
		{8471302E-2D36-4928-8BC7-2DBC9C98C11B}.Debug|Any CPU.ActiveCfg = Debug|Any CPU
		{8471302E-2D36-4928-8BC7-2DBC9C98C11B}.Release|Any CPU.ActiveCfg = Release|Any CPU
	EndGlobalSection
	GlobalSection(SolutionProperties) = preSolution
		HideSolutionNode = FALSE
	EndGlobalSection
	GlobalSection(ExtensibilityGlobals) = postSolution
		SolutionGuid = {0070224B-60D1-4A42-83FA-BC0F7E623201}
	EndGlobalSection
EndGlobal
